// !$*UTF8*$!
{
	archiveVersion = 1;
	classes = {
	};
	objectVersion = 50;
	objects = {

/* Begin PBXBuildFile section */
		189C094823FA5EBD00F79559 /* AppDelegate.swift in Sources */ = {isa = PBXBuildFile; fileRef = 189C094723FA5EBD00F79559 /* AppDelegate.swift */; };
		189C094A23FA5EBD00F79559 /* SceneDelegate.swift in Sources */ = {isa = PBXBuildFile; fileRef = 189C094923FA5EBD00F79559 /* SceneDelegate.swift */; };
		189C094F23FA5EBD00F79559 /* Main.storyboard in Resources */ = {isa = PBXBuildFile; fileRef = 189C094D23FA5EBD00F79559 /* Main.storyboard */; };
		189C095123FA5EBF00F79559 /* Assets.xcassets in Resources */ = {isa = PBXBuildFile; fileRef = 189C095023FA5EBF00F79559 /* Assets.xcassets */; };
		189C095423FA5EBF00F79559 /* LaunchScreen.storyboard in Resources */ = {isa = PBXBuildFile; fileRef = 189C095223FA5EBF00F79559 /* LaunchScreen.storyboard */; };
		189C095C23FA61CD00F79559 /* TableViewCell.swift in Sources */ = {isa = PBXBuildFile; fileRef = 189C095B23FA61CD00F79559 /* TableViewCell.swift */; };
		189C095E23FA6B3700F79559 /* ViewController.swift in Sources */ = {isa = PBXBuildFile; fileRef = 189C095D23FA6B3700F79559 /* ViewController.swift */; };
		189C096023FA6B7A00F79559 /* ShowViewController.swift in Sources */ = {isa = PBXBuildFile; fileRef = 189C095F23FA6B7A00F79559 /* ShowViewController.swift */; };
/* End PBXBuildFile section */

/* Begin PBXFileReference section */
		189C094423FA5EBD00F79559 /* PTableViewWithCell.app */ = {isa = PBXFileReference; explicitFileType = wrapper.application; includeInIndex = 0; path = PTableViewWithCell.app; sourceTree = BUILT_PRODUCTS_DIR; };
		189C094723FA5EBD00F79559 /* AppDelegate.swift */ = {isa = PBXFileReference; lastKnownFileType = sourcecode.swift; path = AppDelegate.swift; sourceTree = "<group>"; };
		189C094923FA5EBD00F79559 /* SceneDelegate.swift */ = {isa = PBXFileReference; lastKnownFileType = sourcecode.swift; path = SceneDelegate.swift; sourceTree = "<group>"; };
		189C094E23FA5EBD00F79559 /* Base */ = {isa = PBXFileReference; lastKnownFileType = file.storyboard; name = Base; path = Base.lproj/Main.storyboard; sourceTree = "<group>"; };
		189C095023FA5EBF00F79559 /* Assets.xcassets */ = {isa = PBXFileReference; lastKnownFileType = folder.assetcatalog; path = Assets.xcassets; sourceTree = "<group>"; };
		189C095323FA5EBF00F79559 /* Base */ = {isa = PBXFileReference; lastKnownFileType = file.storyboard; name = Base; path = Base.lproj/LaunchScreen.storyboard; sourceTree = "<group>"; };
		189C095523FA5EBF00F79559 /* Info.plist */ = {isa = PBXFileReference; lastKnownFileType = text.plist.xml; path = Info.plist; sourceTree = "<group>"; };
		189C095B23FA61CD00F79559 /* TableViewCell.swift */ = {isa = PBXFileReference; lastKnownFileType = sourcecode.swift; path = TableViewCell.swift; sourceTree = "<group>"; };
		189C095D23FA6B3700F79559 /* ViewController.swift */ = {isa = PBXFileReference; lastKnownFileType = sourcecode.swift; path = ViewController.swift; sourceTree = "<group>"; };
		189C095F23FA6B7A00F79559 /* ShowViewController.swift */ = {isa = PBXFileReference; lastKnownFileType = sourcecode.swift; path = ShowViewController.swift; sourceTree = "<group>"; };
/* End PBXFileReference section */

/* Begin PBXFrameworksBuildPhase section */
		189C094123FA5EBD00F79559 /* Frameworks */ = {
			isa = PBXFrameworksBuildPhase;
			buildActionMask = 2147483647;
			files = (
			);
			runOnlyForDeploymentPostprocessing = 0;
		};
/* End PBXFrameworksBuildPhase section */

/* Begin PBXGroup section */
		189C093B23FA5EBD00F79559 = {
			isa = PBXGroup;
			children = (
				189C094623FA5EBD00F79559 /* PTableViewWithCell */,
				189C094523FA5EBD00F79559 /* Products */,
			);
			sourceTree = "<group>";
		};
		189C094523FA5EBD00F79559 /* Products */ = {
			isa = PBXGroup;
			children = (
				189C094423FA5EBD00F79559 /* PTableViewWithCell.app */,
			);
			name = Products;
			sourceTree = "<group>";
		};
		189C094623FA5EBD00F79559 /* PTableViewWithCell */ = {
			isa = PBXGroup;
			children = (
				189C094723FA5EBD00F79559 /* AppDelegate.swift */,
				189C094923FA5EBD00F79559 /* SceneDelegate.swift */,
				189C094D23FA5EBD00F79559 /* Main.storyboard */,
				189C095F23FA6B7A00F79559 /* ShowViewController.swift */,
				189C095D23FA6B3700F79559 /* ViewController.swift */,
				189C095B23FA61CD00F79559 /* TableViewCell.swift */,
				189C095023FA5EBF00F79559 /* Assets.xcassets */,
				189C095223FA5EBF00F79559 /* LaunchScreen.storyboard */,
				189C095523FA5EBF00F79559 /* Info.plist */,
			);
			path = PTableViewWithCell;
			sourceTree = "<group>";
		};
/* End PBXGroup section */

/* Begin PBXNativeTarget section */
		189C094323FA5EBD00F79559 /* PTableViewWithCell */ = {
			isa = PBXNativeTarget;
			buildConfigurationList = 189C095823FA5EBF00F79559 /* Build configuration list for PBXNativeTarget "PTableViewWithCell" */;
			buildPhases = (
				189C094023FA5EBD00F79559 /* Sources */,
				189C094123FA5EBD00F79559 /* Frameworks */,
				189C094223FA5EBD00F79559 /* Resources */,
			);
			buildRules = (
			);
			dependencies = (
			);
			name = PTableViewWithCell;
			productName = PTableViewWithCell;
			productReference = 189C094423FA5EBD00F79559 /* PTableViewWithCell.app */;
			productType = "com.apple.product-type.application";
		};
/* End PBXNativeTarget section */

/* Begin PBXProject section */
		189C093C23FA5EBD00F79559 /* Project object */ = {
			isa = PBXProject;
			attributes = {
				LastSwiftUpdateCheck = 1130;
				LastUpgradeCheck = 1130;
				ORGANIZATIONNAME = "Apple MacBook Pro";
				TargetAttributes = {
					189C094323FA5EBD00F79559 = {
						CreatedOnToolsVersion = 11.3.1;
					};
				};
			};
			buildConfigurationList = 189C093F23FA5EBD00F79559 /* Build configuration list for PBXProject "PTableViewWithCell" */;
			compatibilityVersion = "Xcode 9.3";
			developmentRegion = en;
			hasScannedForEncodings = 0;
			knownRegions = (
				en,
				Base,
			);
			mainGroup = 189C093B23FA5EBD00F79559;
			productRefGroup = 189C094523FA5EBD00F79559 /* Products */;
			projectDirPath = "";
			projectRoot = "";
			targets = (
				189C094323FA5EBD00F79559 /* PTableViewWithCell */,
			);
		};
/* End PBXProject section */

/* Begin PBXResourcesBuildPhase section */
		189C094223FA5EBD00F79559 /* Resources */ = {
			isa = PBXResourcesBuildPhase;
			buildActionMask = 2147483647;
			files = (
				189C095423FA5EBF00F79559 /* LaunchScreen.storyboard in Resources */,
				189C095123FA5EBF00F79559 /* Assets.xcassets in Resources */,
				189C094F23FA5EBD00F79559 /* Main.storyboard in Resources */,
			);
			runOnlyForDeploymentPostprocessing = 0;
		};
/* End PBXResourcesBuildPhase section */

/* Begin PBXSourcesBuildPhase section */
		189C094023FA5EBD00F79559 /* Sources */ = {
			isa = PBXSourcesBuildPhase;
			buildActionMask = 2147483647;
			files = (
				189C096023FA6B7A00F79559 /* ShowViewController.swift in Sources */,
				189C095C23FA61CD00F79559 /* TableViewCell.swift in Sources */,
				189C094823FA5EBD00F79559 /* AppDelegate.swift in Sources */,
				189C095E23FA6B3700F79559 /* ViewController.swift in Sources */,
				189C094A23FA5EBD00F79559 /* SceneDelegate.swift in Sources */,
			);
			runOnlyForDeploymentPostprocessing = 0;
		};
/* End PBXSourcesBuildPhase section */

/* Begin PBXVariantGroup section */
		189C094D23FA5EBD00F79559 /* Main.storyboard */ = {
			isa = PBXVariantGroup;
			children = (
				189C094E23FA5EBD00F79559 /* Base */,
			);
			name = Main.storyboard;
			sourceTree = "<group>";
		};
		189C095223FA5EBF00F79559 /* LaunchScreen.storyboard */ = {
			isa = PBXVariantGroup;
			children = (
				189C095323FA5EBF00F79559 /* Base */,
			);
			name = LaunchScreen.storyboard;
			sourceTree = "<group>";
		};
/* End PBXVariantGroup section */

/* Begin XCBuildConfiguration section */
		189C095623FA5EBF00F79559 /* Debug */ = {
			isa = XCBuildConfiguration;
			buildSettings = {
				ALWAYS_SEARCH_USER_PATHS = NO;
				CLANG_ANALYZER_NONNULL = YES;
				CLANG_ANALYZER_NUMBER_OBJECT_CONVERSION = YES_AGGRESSIVE;
				CLANG_CXX_LANGUAGE_STANDARD = "gnu++14";
				CLANG_CXX_LIBRARY = "libc++";
				CLANG_ENABLE_MODULES = YES;
				CLANG_ENABLE_OBJC_ARC = YES;
				CLANG_ENABLE_OBJC_WEAK = YES;
				CLANG_WARN_BLOCK_CAPTURE_AUTORELEASING = YES;
				CLANG_WARN_BOOL_CONVERSION = YES;
				CLANG_WARN_COMMA = YES;
				CLANG_WARN_CONSTANT_CONVERSION = YES;
				CLANG_WARN_DEPRECATED_OBJC_IMPLEMENTATIONS = YES;
				CLANG_WARN_DIRECT_OBJC_ISA_USAGE = YES_ERROR;
				CLANG_WARN_DOCUMENTATION_COMMENTS = YES;
				CLANG_WARN_EMPTY_BODY = YES;
				CLANG_WARN_ENUM_CONVERSION = YES;
				CLANG_WARN_INFINITE_RECURSION = YES;
				CLANG_WARN_INT_CONVERSION = YES;
				CLANG_WARN_NON_LITERAL_NULL_CONVERSION = YES;
				CLANG_WARN_OBJC_IMPLICIT_RETAIN_SELF = YES;
				CLANG_WARN_OBJC_LITERAL_CONVERSION = YES;
				CLANG_WARN_OBJC_ROOT_CLASS = YES_ERROR;
				CLANG_WARN_RANGE_LOOP_ANALYSIS = YES;
				CLANG_WARN_STRICT_PROTOTYPES = YES;
				CLANG_WARN_SUSPICIOUS_MOVE = YES;
				CLANG_WARN_UNGUARDED_AVAILABILITY = YES_AGGRESSIVE;
				CLANG_WARN_UNREACHABLE_CODE = YES;
				CLANG_WARN__DUPLICATE_METHOD_MATCH = YES;
				COPY_PHASE_STRIP = NO;
				DEBUG_INFORMATION_FORMAT = dwarf;
				ENABLE_STRICT_OBJC_MSGSEND = YES;
				ENABLE_TESTABILITY = YES;
				GCC_C_LANGUAGE_STANDARD = gnu11;
				GCC_DYNAMIC_NO_PIC = NO;
				GCC_NO_COMMON_BLOCKS = YES;
				GCC_OPTIMIZATION_LEVEL = 0;
				GCC_PREPROCESSOR_DEFINITIONS = (
					"DEBUG=1",
					"$(inherited)",
				);
				GCC_WARN_64_TO_32_BIT_CONVERSION = YES;
				GCC_WARN_ABOUT_RETURN_TYPE = YES_ERROR;
				GCC_WARN_UNDECLARED_SELECTOR = YES;
				GCC_WARN_UNINITIALIZED_AUTOS = YES_AGGRESSIVE;
				GCC_WARN_UNUSED_FUNCTION = YES;
				GCC_WARN_UNUSED_VARIABLE = YES;
				IPHONEOS_DEPLOYMENT_TARGET = 13.2;
				MTL_ENABLE_DEBUG_INFO = INCLUDE_SOURCE;
				MTL_FAST_MATH = YES;
				ONLY_ACTIVE_ARCH = YES;
				SDKROOT = iphoneos;
				SWIFT_ACTIVE_COMPILATION_CONDITIONS = DEBUG;
				SWIFT_OPTIMIZATION_LEVEL = "-Onone";
			};
			name = Debug;
		};
		189C095723FA5EBF00F79559 /* Release */ = {
			isa = XCBuildConfiguration;
			buildSettings = {
				ALWAYS_SEARCH_USER_PATHS = NO;
				CLANG_ANALYZER_NONNULL = YES;
				CLANG_ANALYZER_NUMBER_OBJECT_CONVERSION = YES_AGGRESSIVE;
				CLANG_CXX_LANGUAGE_STANDARD = "gnu++14";
				CLANG_CXX_LIBRARY = "libc++";
				CLANG_ENABLE_MODULES = YES;
				CLANG_ENABLE_OBJC_ARC = YES;
				CLANG_ENABLE_OBJC_WEAK = YES;
				CLANG_WARN_BLOCK_CAPTURE_AUTORELEASING = YES;
				CLANG_WARN_BOOL_CONVERSION = YES;
				CLANG_WARN_COMMA = YES;
				CLANG_WARN_CONSTANT_CONVERSION = YES;
				CLANG_WARN_DEPRECATED_OBJC_IMPLEMENTATIONS = YES;
				CLANG_WARN_DIRECT_OBJC_ISA_USAGE = YES_ERROR;
				CLANG_WARN_DOCUMENTATION_COMMENTS = YES;
				CLANG_WARN_EMPTY_BODY = YES;
				CLANG_WARN_ENUM_CONVERSION = YES;
				CLANG_WARN_INFINITE_RECURSION = YES;
				CLANG_WARN_INT_CONVERSION = YES;
				CLANG_WARN_NON_LITERAL_NULL_CONVERSION = YES;
				CLANG_WARN_OBJC_IMPLICIT_RETAIN_SELF = YES;
				CLANG_WARN_OBJC_LITERAL_CONVERSION = YES;
				CLANG_WARN_OBJC_ROOT_CLASS = YES_ERROR;
				CLANG_WARN_RANGE_LOOP_ANALYSIS = YES;
				CLANG_WARN_STRICT_PROTOTYPES = YES;
				CLANG_WARN_SUSPICIOUS_MOVE = YES;
				CLANG_WARN_UNGUARDED_AVAILABILITY = YES_AGGRESSIVE;
				CLANG_WARN_UNREACHABLE_CODE = YES;
				CLANG_WARN__DUPLICATE_METHOD_MATCH = YES;
				COPY_PHASE_STRIP = NO;
				DEBUG_INFORMATION_FORMAT = "dwarf-with-dsym";
				ENABLE_NS_ASSERTIONS = NO;
				ENABLE_STRICT_OBJC_MSGSEND = YES;
				GCC_C_LANGUAGE_STANDARD = gnu11;
				GCC_NO_COMMON_BLOCKS = YES;
				GCC_WARN_64_TO_32_BIT_CONVERSION = YES;
				GCC_WARN_ABOUT_RETURN_TYPE = YES_ERROR;
				GCC_WARN_UNDECLARED_SELECTOR = YES;
				GCC_WARN_UNINITIALIZED_AUTOS = YES_AGGRESSIVE;
				GCC_WARN_UNUSED_FUNCTION = YES;
				GCC_WARN_UNUSED_VARIABLE = YES;
				IPHONEOS_DEPLOYMENT_TARGET = 13.2;
				MTL_ENABLE_DEBUG_INFO = NO;
				MTL_FAST_MATH = YES;
				SDKROOT = iphoneos;
				SWIFT_COMPILATION_MODE = wholemodule;
				SWIFT_OPTIMIZATION_LEVEL = "-O";
				VALIDATE_PRODUCT = YES;
			};
			name = Release;
		};
		189C095923FA5EBF00F79559 /* Debug */ = {
			isa = XCBuildConfiguration;
			buildSettings = {
				ASSETCATALOG_COMPILER_APPICON_NAME = AppIcon;
				CODE_SIGN_STYLE = Automatic;
				INFOPLIST_FILE = PTableViewWithCell/Info.plist;
				LD_RUNPATH_SEARCH_PATHS = (
					"$(inherited)",
					"@executable_path/Frameworks",
				);
				PRODUCT_BUNDLE_IDENTIFIER = BITI.PTableViewWithCell;
				PRODUCT_NAME = "$(TARGET_NAME)";
				SWIFT_VERSION = 5.0;
				TARGETED_DEVICE_FAMILY = "1,2";
			};
			name = Debug;
		};
		189C095A23FA5EBF00F79559 /* Release */ = {
			isa = XCBuildConfiguration;
			buildSettings = {
				ASSETCATALOG_COMPILER_APPICON_NAME = AppIcon;
				CODE_SIGN_STYLE = Automatic;
				INFOPLIST_FILE = PTableViewWithCell/Info.plist;
				LD_RUNPATH_SEARCH_PATHS = (
					"$(inherited)",
					"@executable_path/Frameworks",
				);
				PRODUCT_BUNDLE_IDENTIFIER = BITI.PTableViewWithCell;
				PRODUCT_NAME = "$(TARGET_NAME)";
				SWIFT_VERSION = 5.0;
				TARGETED_DEVICE_FAMILY = "1,2";
			};
			name = Release;
		};
/* End XCBuildConfiguration section */

/* Begin XCConfigurationList section */
		189C093F23FA5EBD00F79559 /* Build configuration list for PBXProject "PTableViewWithCell" */ = {
			isa = XCConfigurationList;
			buildConfigurations = (
				189C095623FA5EBF00F79559 /* Debug */,
				189C095723FA5EBF00F79559 /* Release */,
			);
			defaultConfigurationIsVisible = 0;
			defaultConfigurationName = Release;
		};
		189C095823FA5EBF00F79559 /* Build configuration list for PBXNativeTarget "PTableViewWithCell" */ = {
			isa = XCConfigurationList;
			buildConfigurations = (
				189C095923FA5EBF00F79559 /* Debug */,
				189C095A23FA5EBF00F79559 /* Release */,
			);
			defaultConfigurationIsVisible = 0;
			defaultConfigurationName = Release;
		};
/* End XCConfigurationList section */
	};
	rootObject = 189C093C23FA5EBD00F79559 /* Project object */;
}
